
Microsoft Visual Studio Solution File, Format Version 12.00
# Visual Studio 15
VisualStudioVersion = 15.0.28010.2036
MinimumVisualStudioVersion = 10.0.40219.1
Project("{8BC9CEB8-8B4A-11D0-8D11-00A0C91BC942}") = "test", "test\test.vcxproj", "{CE0C99AA-75E0-4264-88E4-949FA472AE56}"
EndProject
Global
	GlobalSection(SolutionConfigurationPlatforms) = preSolution
		Debug|x64 = Debug|x64
		Debug|x86 = Debug|x86
		Release|x64 = Release|x64
		Release|x86 = Release|x86
	EndGlobalSection
	GlobalSection(ProjectConfigurationPlatforms) = postSolution
		{CE0C99AA-75E0-4264-88E4-949FA472AE56}.Debug|x64.ActiveCfg = Debug|x64
		{CE0C99AA-75E0-4264-88E4-949FA472AE56}.Debug|x64.Build.0 = Debug|x64
		{CE0C99AA-75E0-4264-88E4-949FA472AE56}.Debug|x86.ActiveCfg = Debug|Win32
		{CE0C99AA-75E0-4264-88E4-949FA472AE56}.Debug|x86.Build.0 = Debug|Win32
		{CE0C99AA-75E0-4264-88E4-949FA472AE56}.Release|x64.ActiveCfg = Release|x64
		{CE0C99AA-75E0-4264-88E4-949FA472AE56}.Release|x64.Build.0 = Release|x64
		{CE0C99AA-75E0-4264-88E4-949FA472AE56}.Release|x86.ActiveCfg = Release|Win32
		{CE0C99AA-75E0-4264-88E4-949FA472AE56}.Release|x86.Build.0 = Release|Win32
	EndGlobalSection
	GlobalSection(SolutionProperties) = preSolution
		HideSolutionNode = FALSE
	EndGlobalSection
	GlobalSection(ExtensibilityGlobals) = postSolution
		SolutionGuid = {59FA289E-576A-4A88-987C-2575A4262DFC}
	EndGlobalSection
EndGlobal
